// !$*UTF8*$!
{
	archiveVersion = 1;
	classes = {
	};
	objectVersion = 50;
	objects = {

/* Begin PBXBuildFile section */
		D80319A122D9ACB70087F1CB /* AppDelegate.swift in Sources */ = {isa = PBXBuildFile; fileRef = D80319A022D9ACB70087F1CB /* AppDelegate.swift */; };
		D80319A322D9ACB70087F1CB /* ViewController.swift in Sources */ = {isa = PBXBuildFile; fileRef = D80319A222D9ACB70087F1CB /* ViewController.swift */; };
		D80319A622D9ACB70087F1CB /* Main.storyboard in Resources */ = {isa = PBXBuildFile; fileRef = D80319A422D9ACB70087F1CB /* Main.storyboard */; };
		D80319A822D9ACBE0087F1CB /* Assets.xcassets in Resources */ = {isa = PBXBuildFile; fileRef = D80319A722D9ACBE0087F1CB /* Assets.xcassets */; };
		D80319AB22D9ACBE0087F1CB /* LaunchScreen.storyboard in Resources */ = {isa = PBXBuildFile; fileRef = D80319A922D9ACBE0087F1CB /* LaunchScreen.storyboard */; };
		D80319B322D9AD010087F1CB /* HealthControl.swift in Sources */ = {isa = PBXBuildFile; fileRef = D80319B222D9AD010087F1CB /* HealthControl.swift */; };
		D80319B622D9C7FD0087F1CB /* HealthKit.framework in Frameworks */ = {isa = PBXBuildFile; fileRef = D80319B522D9C7FD0087F1CB /* HealthKit.framework */; };
		D8185CA723295A2D00C66FE8 /* ChartCollectionViewCell.swift in Sources */ = {isa = PBXBuildFile; fileRef = D8185CA623295A2D00C66FE8 /* ChartCollectionViewCell.swift */; };
		D82A7A3823292BF6000A3C5D /* Indicator.swift in Sources */ = {isa = PBXBuildFile; fileRef = D82A7A3723292BF6000A3C5D /* Indicator.swift */; };
/* End PBXBuildFile section */

/* Begin PBXFileReference section */
		D803199D22D9ACB70087F1CB /* Hackaton2.0.app */ = {isa = PBXFileReference; explicitFileType = wrapper.application; includeInIndex = 0; path = Hackaton2.0.app; sourceTree = BUILT_PRODUCTS_DIR; };
		D80319A022D9ACB70087F1CB /* AppDelegate.swift */ = {isa = PBXFileReference; lastKnownFileType = sourcecode.swift; path = AppDelegate.swift; sourceTree = "<group>"; };
		D80319A222D9ACB70087F1CB /* ViewController.swift */ = {isa = PBXFileReference; lastKnownFileType = sourcecode.swift; path = ViewController.swift; sourceTree = "<group>"; };
		D80319A522D9ACB70087F1CB /* Base */ = {isa = PBXFileReference; lastKnownFileType = file.storyboard; name = Base; path = Base.lproj/Main.storyboard; sourceTree = "<group>"; };
		D80319A722D9ACBE0087F1CB /* Assets.xcassets */ = {isa = PBXFileReference; lastKnownFileType = folder.assetcatalog; path = Assets.xcassets; sourceTree = "<group>"; };
		D80319AA22D9ACBE0087F1CB /* Base */ = {isa = PBXFileReference; lastKnownFileType = file.storyboard; name = Base; path = Base.lproj/LaunchScreen.storyboard; sourceTree = "<group>"; };
		D80319AC22D9ACBE0087F1CB /* Info.plist */ = {isa = PBXFileReference; lastKnownFileType = text.plist.xml; path = Info.plist; sourceTree = "<group>"; };
		D80319B222D9AD010087F1CB /* HealthControl.swift */ = {isa = PBXFileReference; lastKnownFileType = sourcecode.swift; path = HealthControl.swift; sourceTree = "<group>"; };
		D80319B522D9C7FD0087F1CB /* HealthKit.framework */ = {isa = PBXFileReference; lastKnownFileType = wrapper.framework; name = HealthKit.framework; path = System/Library/Frameworks/HealthKit.framework; sourceTree = SDKROOT; };
		D80319B722D9C7FD0087F1CB /* Hackaton2.0.entitlements */ = {isa = PBXFileReference; lastKnownFileType = text.plist.entitlements; path = Hackaton2.0.entitlements; sourceTree = "<group>"; };
		D8185CA623295A2D00C66FE8 /* ChartCollectionViewCell.swift */ = {isa = PBXFileReference; lastKnownFileType = sourcecode.swift; path = ChartCollectionViewCell.swift; sourceTree = "<group>"; };
		D82A7A3723292BF6000A3C5D /* Indicator.swift */ = {isa = PBXFileReference; lastKnownFileType = sourcecode.swift; path = Indicator.swift; sourceTree = "<group>"; };
/* End PBXFileReference section */

/* Begin PBXFrameworksBuildPhase section */
		D803199A22D9ACB70087F1CB /* Frameworks */ = {
			isa = PBXFrameworksBuildPhase;
			buildActionMask = 2147483647;
			files = (
				D80319B622D9C7FD0087F1CB /* HealthKit.framework in Frameworks */,
			);
			runOnlyForDeploymentPostprocessing = 0;
		};
/* End PBXFrameworksBuildPhase section */

/* Begin PBXGroup section */
		D803199422D9ACB60087F1CB = {
			isa = PBXGroup;
			children = (
				D803199F22D9ACB70087F1CB /* Hackaton2.0 */,
				D803199E22D9ACB70087F1CB /* Products */,
				D80319B422D9C7FD0087F1CB /* Frameworks */,
			);
			sourceTree = "<group>";
		};
		D803199E22D9ACB70087F1CB /* Products */ = {
			isa = PBXGroup;
			children = (
				D803199D22D9ACB70087F1CB /* Hackaton2.0.app */,
			);
			name = Products;
			sourceTree = "<group>";
		};
		D803199F22D9ACB70087F1CB /* Hackaton2.0 */ = {
			isa = PBXGroup;
			children = (
				D80319B722D9C7FD0087F1CB /* Hackaton2.0.entitlements */,
				D80319A022D9ACB70087F1CB /* AppDelegate.swift */,
				D80319A222D9ACB70087F1CB /* ViewController.swift */,
				D80319A422D9ACB70087F1CB /* Main.storyboard */,
				D80319A722D9ACBE0087F1CB /* Assets.xcassets */,
				D80319A922D9ACBE0087F1CB /* LaunchScreen.storyboard */,
				D80319AC22D9ACBE0087F1CB /* Info.plist */,
				D80319B222D9AD010087F1CB /* HealthControl.swift */,
				D82A7A3723292BF6000A3C5D /* Indicator.swift */,
				D8185CA623295A2D00C66FE8 /* ChartCollectionViewCell.swift */,
			);
			path = Hackaton2.0;
			sourceTree = "<group>";
		};
		D80319B422D9C7FD0087F1CB /* Frameworks */ = {
			isa = PBXGroup;
			children = (
				D80319B522D9C7FD0087F1CB /* HealthKit.framework */,
			);
			name = Frameworks;
			sourceTree = "<group>";
		};
/* End PBXGroup section */

/* Begin PBXNativeTarget section */
		D803199C22D9ACB70087F1CB /* Hackaton2.0 */ = {
			isa = PBXNativeTarget;
			buildConfigurationList = D80319AF22D9ACBE0087F1CB /* Build configuration list for PBXNativeTarget "Hackaton2.0" */;
			buildPhases = (
				D803199922D9ACB70087F1CB /* Sources */,
				D803199A22D9ACB70087F1CB /* Frameworks */,
				D803199B22D9ACB70087F1CB /* Resources */,
			);
			buildRules = (
			);
			dependencies = (
			);
			name = Hackaton2.0;
			productName = Hackaton2.0;
			productReference = D803199D22D9ACB70087F1CB /* Hackaton2.0.app */;
			productType = "com.apple.product-type.application";
		};
/* End PBXNativeTarget section */

/* Begin PBXProject section */
		D803199522D9ACB60087F1CB /* Project object */ = {
			isa = PBXProject;
			attributes = {
				LastSwiftUpdateCheck = 1020;
				LastUpgradeCheck = 1020;
				ORGANIZATIONNAME = "Eugenie Chupris";
				TargetAttributes = {
					D803199C22D9ACB70087F1CB = {
						CreatedOnToolsVersion = 10.2.1;
						SystemCapabilities = {
							com.apple.HealthKit = {
								enabled = 1;
							};
						};
					};
				};
			};
			buildConfigurationList = D803199822D9ACB60087F1CB /* Build configuration list for PBXProject "Hackaton2.0" */;
			compatibilityVersion = "Xcode 9.3";
			developmentRegion = en;
			hasScannedForEncodings = 0;
			knownRegions = (
				en,
				Base,
			);
			mainGroup = D803199422D9ACB60087F1CB;
			productRefGroup = D803199E22D9ACB70087F1CB /* Products */;
			projectDirPath = "";
			projectRoot = "";
			targets = (
				D803199C22D9ACB70087F1CB /* Hackaton2.0 */,
			);
		};
/* End PBXProject section */

/* Begin PBXResourcesBuildPhase section */
		D803199B22D9ACB70087F1CB /* Resources */ = {
			isa = PBXResourcesBuildPhase;
			buildActionMask = 2147483647;
			files = (
				D80319AB22D9ACBE0087F1CB /* LaunchScreen.storyboard in Resources */,
				D80319A822D9ACBE0087F1CB /* Assets.xcassets in Resources */,
				D80319A622D9ACB70087F1CB /* Main.storyboard in Resources */,
			);
			runOnlyForDeploymentPostprocessing = 0;
		};
/* End PBXResourcesBuildPhase section */

/* Begin PBXSourcesBuildPhase section */
		D803199922D9ACB70087F1CB /* Sources */ = {
			isa = PBXSourcesBuildPhase;
			buildActionMask = 2147483647;
			files = (
				D80319B322D9AD010087F1CB /* HealthControl.swift in Sources */,
				D8185CA723295A2D00C66FE8 /* ChartCollectionViewCell.swift in Sources */,
				D80319A322D9ACB70087F1CB /* ViewController.swift in Sources */,
				D80319A122D9ACB70087F1CB /* AppDelegate.swift in Sources */,
				D82A7A3823292BF6000A3C5D /* Indicator.swift in Sources */,
			);
			runOnlyForDeploymentPostprocessing = 0;
		};
/* End PBXSourcesBuildPhase section */

/* Begin PBXVariantGroup section */
		D80319A422D9ACB70087F1CB /* Main.storyboard */ = {
			isa = PBXVariantGroup;
			children = (
				D80319A522D9ACB70087F1CB /* Base */,
			);
			name = Main.storyboard;
			sourceTree = "<group>";
		};
		D80319A922D9ACBE0087F1CB /* LaunchScreen.storyboard */ = {
			isa = PBXVariantGroup;
			children = (
				D80319AA22D9ACBE0087F1CB /* Base */,
			);
			name = LaunchScreen.storyboard;
			sourceTree = "<group>";
		};
/* End PBXVariantGroup section */

/* Begin XCBuildConfiguration section */
		D80319AD22D9ACBE0087F1CB /* Debug */ = {
			isa = XCBuildConfiguration;
			buildSettings = {
				ALWAYS_SEARCH_USER_PATHS = NO;
				CLANG_ANALYZER_NONNULL = YES;
				CLANG_ANALYZER_NUMBER_OBJECT_CONVERSION = YES_AGGRESSIVE;
				CLANG_CXX_LANGUAGE_STANDARD = "gnu++14";
				CLANG_CXX_LIBRARY = "libc++";
				CLANG_ENABLE_MODULES = YES;
				CLANG_ENABLE_OBJC_ARC = YES;
				CLANG_ENABLE_OBJC_WEAK = YES;
				CLANG_WARN_BLOCK_CAPTURE_AUTORELEASING = YES;
				CLANG_WARN_BOOL_CONVERSION = YES;
				CLANG_WARN_COMMA = YES;
				CLANG_WARN_CONSTANT_CONVERSION = YES;
				CLANG_WARN_DEPRECATED_OBJC_IMPLEMENTATIONS = YES;
				CLANG_WARN_DIRECT_OBJC_ISA_USAGE = YES_ERROR;
				CLANG_WARN_DOCUMENTATION_COMMENTS = YES;
				CLANG_WARN_EMPTY_BODY = YES;
				CLANG_WARN_ENUM_CONVERSION = YES;
				CLANG_WARN_INFINITE_RECURSION = YES;
				CLANG_WARN_INT_CONVERSION = YES;
				CLANG_WARN_NON_LITERAL_NULL_CONVERSION = YES;
				CLANG_WARN_OBJC_IMPLICIT_RETAIN_SELF = YES;
				CLANG_WARN_OBJC_LITERAL_CONVERSION = YES;
				CLANG_WARN_OBJC_ROOT_CLASS = YES_ERROR;
				CLANG_WARN_RANGE_LOOP_ANALYSIS = YES;
				CLANG_WARN_STRICT_PROTOTYPES = YES;
				CLANG_WARN_SUSPICIOUS_MOVE = YES;
				CLANG_WARN_UNGUARDED_AVAILABILITY = YES_AGGRESSIVE;
				CLANG_WARN_UNREACHABLE_CODE = YES;
				CLANG_WARN__DUPLICATE_METHOD_MATCH = YES;
				CODE_SIGN_IDENTITY = "iPhone Developer";
				COPY_PHASE_STRIP = NO;
				DEBUG_INFORMATION_FORMAT = dwarf;
				ENABLE_STRICT_OBJC_MSGSEND = YES;
				ENABLE_TESTABILITY = YES;
				GCC_C_LANGUAGE_STANDARD = gnu11;
				GCC_DYNAMIC_NO_PIC = NO;
				GCC_NO_COMMON_BLOCKS = YES;
				GCC_OPTIMIZATION_LEVEL = 0;
				GCC_PREPROCESSOR_DEFINITIONS = (
					"DEBUG=1",
					"$(inherited)",
				);
				GCC_WARN_64_TO_32_BIT_CONVERSION = YES;
				GCC_WARN_ABOUT_RETURN_TYPE = YES_ERROR;
				GCC_WARN_UNDECLARED_SELECTOR = YES;
				GCC_WARN_UNINITIALIZED_AUTOS = YES_AGGRESSIVE;
				GCC_WARN_UNUSED_FUNCTION = YES;
				GCC_WARN_UNUSED_VARIABLE = YES;
				IPHONEOS_DEPLOYMENT_TARGET = 13.0;
				MTL_ENABLE_DEBUG_INFO = INCLUDE_SOURCE;
				MTL_FAST_MATH = YES;
				ONLY_ACTIVE_ARCH = YES;
				SDKROOT = iphoneos;
				SWIFT_ACTIVE_COMPILATION_CONDITIONS = DEBUG;
				SWIFT_OPTIMIZATION_LEVEL = "-Onone";
			};
			name = Debug;
		};
		D80319AE22D9ACBE0087F1CB /* Release */ = {
			isa = XCBuildConfiguration;
			buildSettings = {
				ALWAYS_SEARCH_USER_PATHS = NO;
				CLANG_ANALYZER_NONNULL = YES;
				CLANG_ANALYZER_NUMBER_OBJECT_CONVERSION = YES_AGGRESSIVE;
				CLANG_CXX_LANGUAGE_STANDARD = "gnu++14";
				CLANG_CXX_LIBRARY = "libc++";
				CLANG_ENABLE_MODULES = YES;
				CLANG_ENABLE_OBJC_ARC = YES;
				CLANG_ENABLE_OBJC_WEAK = YES;
				CLANG_WARN_BLOCK_CAPTURE_AUTORELEASING = YES;
				CLANG_WARN_BOOL_CONVERSION = YES;
				CLANG_WARN_COMMA = YES;
				CLANG_WARN_CONSTANT_CONVERSION = YES;
				CLANG_WARN_DEPRECATED_OBJC_IMPLEMENTATIONS = YES;
				CLANG_WARN_DIRECT_OBJC_ISA_USAGE = YES_ERROR;
				CLANG_WARN_DOCUMENTATION_COMMENTS = YES;
				CLANG_WARN_EMPTY_BODY = YES;
				CLANG_WARN_ENUM_CONVERSION = YES;
				CLANG_WARN_INFINITE_RECURSION = YES;
				CLANG_WARN_INT_CONVERSION = YES;
				CLANG_WARN_NON_LITERAL_NULL_CONVERSION = YES;
				CLANG_WARN_OBJC_IMPLICIT_RETAIN_SELF = YES;
				CLANG_WARN_OBJC_LITERAL_CONVERSION = YES;
				CLANG_WARN_OBJC_ROOT_CLASS = YES_ERROR;
				CLANG_WARN_RANGE_LOOP_ANALYSIS = YES;
				CLANG_WARN_STRICT_PROTOTYPES = YES;
				CLANG_WARN_SUSPICIOUS_MOVE = YES;
				CLANG_WARN_UNGUARDED_AVAILABILITY = YES_AGGRESSIVE;
				CLANG_WARN_UNREACHABLE_CODE = YES;
				CLANG_WARN__DUPLICATE_METHOD_MATCH = YES;
				CODE_SIGN_IDENTITY = "iPhone Developer";
				COPY_PHASE_STRIP = NO;
				DEBUG_INFORMATION_FORMAT = "dwarf-with-dsym";
				ENABLE_NS_ASSERTIONS = NO;
				ENABLE_STRICT_OBJC_MSGSEND = YES;
				GCC_C_LANGUAGE_STANDARD = gnu11;
				GCC_NO_COMMON_BLOCKS = YES;
				GCC_WARN_64_TO_32_BIT_CONVERSION = YES;
				GCC_WARN_ABOUT_RETURN_TYPE = YES_ERROR;
				GCC_WARN_UNDECLARED_SELECTOR = YES;
				GCC_WARN_UNINITIALIZED_AUTOS = YES_AGGRESSIVE;
				GCC_WARN_UNUSED_FUNCTION = YES;
				GCC_WARN_UNUSED_VARIABLE = YES;
				IPHONEOS_DEPLOYMENT_TARGET = 13.0;
				MTL_ENABLE_DEBUG_INFO = NO;
				MTL_FAST_MATH = YES;
				SDKROOT = iphoneos;
				SWIFT_COMPILATION_MODE = wholemodule;
				SWIFT_OPTIMIZATION_LEVEL = "-O";
				VALIDATE_PRODUCT = YES;
			};
			name = Release;
		};
		D80319B022D9ACBE0087F1CB /* Debug */ = {
			isa = XCBuildConfiguration;
			buildSettings = {
				ASSETCATALOG_COMPILER_APPICON_NAME = AppIcon;
				ASSETCATALOG_COMPILER_LAUNCHIMAGE_NAME = LaunchImage;
				CODE_SIGN_ENTITLEMENTS = Hackaton2.0/Hackaton2.0.entitlements;
				CODE_SIGN_STYLE = Automatic;
				DEVELOPMENT_TEAM = 93ZMB4L59C;
				INFOPLIST_FILE = Hackaton2.0/Info.plist;
				IPHONEOS_DEPLOYMENT_TARGET = 13.0;
				LD_RUNPATH_SEARCH_PATHS = (
					"$(inherited)",
					"@executable_path/Frameworks",
				);
				PRODUCT_BUNDLE_IDENTIFIER = EChupri1s.Hackaton2.0;
				PRODUCT_NAME = "$(TARGET_NAME)";
				SWIFT_VERSION = 5.0;
				TARGETED_DEVICE_FAMILY = "1,2";
			};
			name = Debug;
		};
		D80319B122D9ACBE0087F1CB /* Release */ = {
			isa = XCBuildConfiguration;
			buildSettings = {
				ASSETCATALOG_COMPILER_APPICON_NAME = AppIcon;
				ASSETCATALOG_COMPILER_LAUNCHIMAGE_NAME = LaunchImage;
				CODE_SIGN_ENTITLEMENTS = Hackaton2.0/Hackaton2.0.entitlements;
				CODE_SIGN_STYLE = Automatic;
				DEVELOPMENT_TEAM = 93ZMB4L59C;
				INFOPLIST_FILE = Hackaton2.0/Info.plist;
				IPHONEOS_DEPLOYMENT_TARGET = 13.0;
				LD_RUNPATH_SEARCH_PATHS = (
					"$(inherited)",
					"@executable_path/Frameworks",
				);
				PRODUCT_BUNDLE_IDENTIFIER = EChupri1s.Hackaton2.0;
				PRODUCT_NAME = "$(TARGET_NAME)";
				SWIFT_VERSION = 5.0;
				TARGETED_DEVICE_FAMILY = "1,2";
			};
			name = Release;
		};
/* End XCBuildConfiguration section */

/* Begin XCConfigurationList section */
		D803199822D9ACB60087F1CB /* Build configuration list for PBXProject "Hackaton2.0" */ = {
			isa = XCConfigurationList;
			buildConfigurations = (
				D80319AD22D9ACBE0087F1CB /* Debug */,
				D80319AE22D9ACBE0087F1CB /* Release */,
			);
			defaultConfigurationIsVisible = 0;
			defaultConfigurationName = Release;
		};
		D80319AF22D9ACBE0087F1CB /* Build configuration list for PBXNativeTarget "Hackaton2.0" */ = {
			isa = XCConfigurationList;
			buildConfigurations = (
				D80319B022D9ACBE0087F1CB /* Debug */,
				D80319B122D9ACBE0087F1CB /* Release */,
			);
			defaultConfigurationIsVisible = 0;
			defaultConfigurationName = Release;
		};
/* End XCConfigurationList section */
	};
	rootObject = D803199522D9ACB60087F1CB /* Project object */;
}
